// !$*UTF8*$!
{
	archiveVersion = 1;
	classes = {
	};
	objectVersion = 55;
	objects = {

/* Begin PBXBuildFile section */
		1603790828C67C3E00A81908 /* SPorts.swift in Sources */ = {isa = PBXBuildFile; fileRef = 1603790728C67C3E00A81908 /* SPorts.swift */; };
		1603790C28C67C4100A81908 /* Assets.xcassets in Resources */ = {isa = PBXBuildFile; fileRef = 1603790B28C67C4100A81908 /* Assets.xcassets */; };
		1603790F28C67C4100A81908 /* Preview Assets.xcassets in Resources */ = {isa = PBXBuildFile; fileRef = 1603790E28C67C4100A81908 /* Preview Assets.xcassets */; };
		1659782028D2DE09002E4FF1 /* LocationManager.swift in Sources */ = {isa = PBXBuildFile; fileRef = 1659781F28D2DE09002E4FF1 /* LocationManager.swift */; };
		1659782328D2E24E002E4FF1 /* MapaPaginaPrincipal.swift in Sources */ = {isa = PBXBuildFile; fileRef = 1659782228D2E24E002E4FF1 /* MapaPaginaPrincipal.swift */; };
		16832E9728D7C213003D729A /* EnderecoCentroEsportivo.swift in Sources */ = {isa = PBXBuildFile; fileRef = 16832E9628D7C213003D729A /* EnderecoCentroEsportivo.swift */; };
		16832E9928D7C60E003D729A /* ModalidadeCentroEsportivo.swift in Sources */ = {isa = PBXBuildFile; fileRef = 16832E9828D7C60E003D729A /* ModalidadeCentroEsportivo.swift */; };
		1694F27928FDEB820050DCFE /* PrimeiraPaginaTutorial.swift in Sources */ = {isa = PBXBuildFile; fileRef = 1694F27828FDEB820050DCFE /* PrimeiraPaginaTutorial.swift */; };
		1694F27B28FDEBE40050DCFE /* SegundaPaginaTutorial.swift in Sources */ = {isa = PBXBuildFile; fileRef = 1694F27A28FDEBE40050DCFE /* SegundaPaginaTutorial.swift */; };
		1694F27D28FDEBF10050DCFE /* TerceiraPaginaTutorial.swift in Sources */ = {isa = PBXBuildFile; fileRef = 1694F27C28FDEBF10050DCFE /* TerceiraPaginaTutorial.swift */; };
		169C743428EF4C140096A202 /* InserirNovaLocalizacao.swift in Sources */ = {isa = PBXBuildFile; fileRef = 169C743328EF4C140096A202 /* InserirNovaLocalizacao.swift */; };
		169C743828EF4EE90096A202 /* EncontraLocalizacao.swift in Sources */ = {isa = PBXBuildFile; fileRef = 169C743728EF4EE90096A202 /* EncontraLocalizacao.swift */; };
		16A28E4828DA4935001CCF62 /* FiltroCategoriaView.swift in Sources */ = {isa = PBXBuildFile; fileRef = 16A28E4728DA4935001CCF62 /* FiltroCategoriaView.swift */; };
		16A28E4E28DE2428001CCF62 /* DetalhesSheet.swift in Sources */ = {isa = PBXBuildFile; fileRef = 16A28E4D28DE2428001CCF62 /* DetalhesSheet.swift */; };
		16A7EAC028DFCC7200907D2F /* CoresApp.swift in Sources */ = {isa = PBXBuildFile; fileRef = 16A7EABF28DFCC7200907D2F /* CoresApp.swift */; };
		16A7EAC328E0C2C900907D2F /* SplashScreen.swift in Sources */ = {isa = PBXBuildFile; fileRef = 16A7EAC228E0C2C900907D2F /* SplashScreen.swift */; };
		16A7EAC528E0CDEB00907D2F /* PaginaDInformacoes.swift in Sources */ = {isa = PBXBuildFile; fileRef = 16A7EAC428E0CDEB00907D2F /* PaginaDInformacoes.swift */; };
		16B5CA972901CDB400B13646 /* quartaPaginaTutorial.swift in Sources */ = {isa = PBXBuildFile; fileRef = 16B5CA962901CDB400B13646 /* quartaPaginaTutorial.swift */; };
		16C0D9B128F490A900DEACEC /* TabBarView.swift in Sources */ = {isa = PBXBuildFile; fileRef = 16C0D9B028F490A900DEACEC /* TabBarView.swift */; };
		16C0D9B428F4E20500DEACEC /* CategoriasCE.swift in Sources */ = {isa = PBXBuildFile; fileRef = 16C0D9B328F4E20500DEACEC /* CategoriasCE.swift */; };
		16C7199428CBBFFE00D3684B /* CentroEsportivoJSON.json in Resources */ = {isa = PBXBuildFile; fileRef = 16C7199328CBBFFE00D3684B /* CentroEsportivoJSON.json */; };
		16C7199E28CFD2B900D3684B /* CentroEsportivo.swift in Sources */ = {isa = PBXBuildFile; fileRef = 16C7199D28CFD2B900D3684B /* CentroEsportivo.swift */; };
		16C719A028CFD31400D3684B /* DataLoader.swift in Sources */ = {isa = PBXBuildFile; fileRef = 16C7199F28CFD31400D3684B /* DataLoader.swift */; };
		16C719A228CFD60C00D3684B /* EstruturaCentroEsportivo.swift in Sources */ = {isa = PBXBuildFile; fileRef = 16C719A128CFD60C00D3684B /* EstruturaCentroEsportivo.swift */; };
		16D5FCD528FF9C0A00A068CA /* Check_In.xcdatamodeld in Sources */ = {isa = PBXBuildFile; fileRef = 16D5FCD328FF9C0A00A068CA /* Check_In.xcdatamodeld */; };
		16D5FCD728FF9CA400A068CA /* DataController.swift in Sources */ = {isa = PBXBuildFile; fileRef = 16D5FCD628FF9CA400A068CA /* DataController.swift */; };
		16D5FCDA28FFA73A00A068CA /* AdicionandoOuEditando.swift in Sources */ = {isa = PBXBuildFile; fileRef = 16D5FCD928FFA73A00A068CA /* AdicionandoOuEditando.swift */; };
		16D5FCDC2900426500A068CA /* RelatorioCheckIn.swift in Sources */ = {isa = PBXBuildFile; fileRef = 16D5FCDB2900426500A068CA /* RelatorioCheckIn.swift */; };
		195E5A9F28CFD33700CEEF77 /* BlurView.swift in Sources */ = {isa = PBXBuildFile; fileRef = 195E5A9E28CFD33700CEEF77 /* BlurView.swift */; };
		195E5AA128CFD3D600CEEF77 /* CantoPersonalizado.swift in Sources */ = {isa = PBXBuildFile; fileRef = 195E5AA028CFD3D600CEEF77 /* CantoPersonalizado.swift */; };
		1967415228F49163006F35B7 /* ExibicaoListaCEs.swift in Sources */ = {isa = PBXBuildFile; fileRef = 1967415128F49163006F35B7 /* ExibicaoListaCEs.swift */; };
		19DCD1FE28D249430096FAF6 /* ExibirCentrosEsportivos.swift in Sources */ = {isa = PBXBuildFile; fileRef = 19DCD1FD28D249430096FAF6 /* ExibirCentrosEsportivos.swift */; };
		D47FE7DD28D907DA00EE89BC /* FiltroZonaView.swift in Sources */ = {isa = PBXBuildFile; fileRef = D47FE7DC28D907DA00EE89BC /* FiltroZonaView.swift */; };
/* End PBXBuildFile section */

/* Begin PBXFileReference section */
		1603790428C67C3E00A81908 /* SPorts.app */ = {isa = PBXFileReference; explicitFileType = wrapper.application; includeInIndex = 0; path = SPorts.app; sourceTree = BUILT_PRODUCTS_DIR; };
		1603790728C67C3E00A81908 /* SPorts.swift */ = {isa = PBXFileReference; lastKnownFileType = sourcecode.swift; path = SPorts.swift; sourceTree = "<group>"; };
		1603790B28C67C4100A81908 /* Assets.xcassets */ = {isa = PBXFileReference; lastKnownFileType = folder.assetcatalog; path = Assets.xcassets; sourceTree = "<group>"; };
		1603790E28C67C4100A81908 /* Preview Assets.xcassets */ = {isa = PBXFileReference; lastKnownFileType = folder.assetcatalog; path = "Preview Assets.xcassets"; sourceTree = "<group>"; };
		1659781F28D2DE09002E4FF1 /* LocationManager.swift */ = {isa = PBXFileReference; lastKnownFileType = sourcecode.swift; path = LocationManager.swift; sourceTree = "<group>"; };
		1659782228D2E24E002E4FF1 /* MapaPaginaPrincipal.swift */ = {isa = PBXFileReference; lastKnownFileType = sourcecode.swift; path = MapaPaginaPrincipal.swift; sourceTree = "<group>"; };
		167D019328F8D54800697442 /* Info.plist */ = {isa = PBXFileReference; lastKnownFileType = text.plist; path = Info.plist; sourceTree = "<group>"; };
		16832E9628D7C213003D729A /* EnderecoCentroEsportivo.swift */ = {isa = PBXFileReference; lastKnownFileType = sourcecode.swift; path = EnderecoCentroEsportivo.swift; sourceTree = "<group>"; };
		16832E9828D7C60E003D729A /* ModalidadeCentroEsportivo.swift */ = {isa = PBXFileReference; lastKnownFileType = sourcecode.swift; path = ModalidadeCentroEsportivo.swift; sourceTree = "<group>"; };
		1694F27828FDEB820050DCFE /* PrimeiraPaginaTutorial.swift */ = {isa = PBXFileReference; lastKnownFileType = sourcecode.swift; path = PrimeiraPaginaTutorial.swift; sourceTree = "<group>"; };
		1694F27A28FDEBE40050DCFE /* SegundaPaginaTutorial.swift */ = {isa = PBXFileReference; lastKnownFileType = sourcecode.swift; path = SegundaPaginaTutorial.swift; sourceTree = "<group>"; };
		1694F27C28FDEBF10050DCFE /* TerceiraPaginaTutorial.swift */ = {isa = PBXFileReference; lastKnownFileType = sourcecode.swift; path = TerceiraPaginaTutorial.swift; sourceTree = "<group>"; };
		169C743328EF4C140096A202 /* InserirNovaLocalizacao.swift */ = {isa = PBXFileReference; lastKnownFileType = sourcecode.swift; path = InserirNovaLocalizacao.swift; sourceTree = "<group>"; };
		169C743728EF4EE90096A202 /* EncontraLocalizacao.swift */ = {isa = PBXFileReference; lastKnownFileType = sourcecode.swift; path = EncontraLocalizacao.swift; sourceTree = "<group>"; };
		16A28E4728DA4935001CCF62 /* FiltroCategoriaView.swift */ = {isa = PBXFileReference; lastKnownFileType = sourcecode.swift; path = FiltroCategoriaView.swift; sourceTree = "<group>"; };
		16A28E4D28DE2428001CCF62 /* DetalhesSheet.swift */ = {isa = PBXFileReference; lastKnownFileType = sourcecode.swift; path = DetalhesSheet.swift; sourceTree = "<group>"; };
		16A7EABF28DFCC7200907D2F /* CoresApp.swift */ = {isa = PBXFileReference; lastKnownFileType = sourcecode.swift; path = CoresApp.swift; sourceTree = "<group>"; };
		16A7EAC228E0C2C900907D2F /* SplashScreen.swift */ = {isa = PBXFileReference; lastKnownFileType = sourcecode.swift; path = SplashScreen.swift; sourceTree = "<group>"; };
		16A7EAC428E0CDEB00907D2F /* PaginaDInformacoes.swift */ = {isa = PBXFileReference; lastKnownFileType = sourcecode.swift; path = PaginaDInformacoes.swift; sourceTree = "<group>"; };
		16B5CA962901CDB400B13646 /* quartaPaginaTutorial.swift */ = {isa = PBXFileReference; lastKnownFileType = sourcecode.swift; path = quartaPaginaTutorial.swift; sourceTree = "<group>"; };
		16C0D9B028F490A900DEACEC /* TabBarView.swift */ = {isa = PBXFileReference; lastKnownFileType = sourcecode.swift; path = TabBarView.swift; sourceTree = "<group>"; };
		16C0D9B328F4E20500DEACEC /* CategoriasCE.swift */ = {isa = PBXFileReference; lastKnownFileType = sourcecode.swift; path = CategoriasCE.swift; sourceTree = "<group>"; };
		16C7199328CBBFFE00D3684B /* CentroEsportivoJSON.json */ = {isa = PBXFileReference; lastKnownFileType = text.json; path = CentroEsportivoJSON.json; sourceTree = "<group>"; };
		16C7199D28CFD2B900D3684B /* CentroEsportivo.swift */ = {isa = PBXFileReference; lastKnownFileType = sourcecode.swift; path = CentroEsportivo.swift; sourceTree = "<group>"; };
		16C7199F28CFD31400D3684B /* DataLoader.swift */ = {isa = PBXFileReference; lastKnownFileType = sourcecode.swift; path = DataLoader.swift; sourceTree = "<group>"; };
		16C719A128CFD60C00D3684B /* EstruturaCentroEsportivo.swift */ = {isa = PBXFileReference; lastKnownFileType = sourcecode.swift; path = EstruturaCentroEsportivo.swift; sourceTree = "<group>"; };
		16D5FCD428FF9C0A00A068CA /* Check_In.xcdatamodel */ = {isa = PBXFileReference; lastKnownFileType = wrapper.xcdatamodel; path = Check_In.xcdatamodel; sourceTree = "<group>"; };
		16D5FCD628FF9CA400A068CA /* DataController.swift */ = {isa = PBXFileReference; lastKnownFileType = sourcecode.swift; path = DataController.swift; sourceTree = "<group>"; };
		16D5FCD928FFA73A00A068CA /* AdicionandoOuEditando.swift */ = {isa = PBXFileReference; lastKnownFileType = sourcecode.swift; path = AdicionandoOuEditando.swift; sourceTree = "<group>"; };
		16D5FCDB2900426500A068CA /* RelatorioCheckIn.swift */ = {isa = PBXFileReference; lastKnownFileType = sourcecode.swift; path = RelatorioCheckIn.swift; sourceTree = "<group>"; };
		195E5A9E28CFD33700CEEF77 /* BlurView.swift */ = {isa = PBXFileReference; lastKnownFileType = sourcecode.swift; path = BlurView.swift; sourceTree = "<group>"; };
		195E5AA028CFD3D600CEEF77 /* CantoPersonalizado.swift */ = {isa = PBXFileReference; lastKnownFileType = sourcecode.swift; path = CantoPersonalizado.swift; sourceTree = "<group>"; };
		1967415128F49163006F35B7 /* ExibicaoListaCEs.swift */ = {isa = PBXFileReference; lastKnownFileType = sourcecode.swift; path = ExibicaoListaCEs.swift; sourceTree = "<group>"; };
		19DCD1FD28D249430096FAF6 /* ExibirCentrosEsportivos.swift */ = {isa = PBXFileReference; lastKnownFileType = sourcecode.swift; path = ExibirCentrosEsportivos.swift; sourceTree = "<group>"; };
		D47FE7DC28D907DA00EE89BC /* FiltroZonaView.swift */ = {isa = PBXFileReference; lastKnownFileType = sourcecode.swift; path = FiltroZonaView.swift; sourceTree = "<group>"; };
/* End PBXFileReference section */

/* Begin PBXFrameworksBuildPhase section */
		1603790128C67C3E00A81908 /* Frameworks */ = {
			isa = PBXFrameworksBuildPhase;
			buildActionMask = 2147483647;
			files = (
			);
			runOnlyForDeploymentPostprocessing = 0;
		};
/* End PBXFrameworksBuildPhase section */

/* Begin PBXGroup section */
		160378FB28C67C3E00A81908 = {
			isa = PBXGroup;
			children = (
				1603790628C67C3E00A81908 /* SPorts */,
				1603790528C67C3E00A81908 /* Products */,
			);
			sourceTree = "<group>";
		};
		1603790528C67C3E00A81908 /* Products */ = {
			isa = PBXGroup;
			children = (
				1603790428C67C3E00A81908 /* SPorts.app */,
			);
			name = Products;
			sourceTree = "<group>";
		};
		1603790628C67C3E00A81908 /* SPorts */ = {
			isa = PBXGroup;
			children = (
				167D019328F8D54800697442 /* Info.plist */,
				16C7199028CBBFB800D3684B /* Model */,
				16C7199128CBBFC300D3684B /* View */,
				16C7199228CBBFC900D3684B /* ViewModel */,
				1603790728C67C3E00A81908 /* SPorts.swift */,
				1603790B28C67C4100A81908 /* Assets.xcassets */,
				1603790D28C67C4100A81908 /* Preview Content */,
			);
			path = SPorts;
			sourceTree = "<group>";
		};
		1603790D28C67C4100A81908 /* Preview Content */ = {
			isa = PBXGroup;
			children = (
				1603790E28C67C4100A81908 /* Preview Assets.xcassets */,
			);
			path = "Preview Content";
			sourceTree = "<group>";
		};
		1659781E28D2DDE9002E4FF1 /* Location */ = {
			isa = PBXGroup;
			children = (
				1659781F28D2DE09002E4FF1 /* LocationManager.swift */,
				169C743728EF4EE90096A202 /* EncontraLocalizacao.swift */,
			);
			path = Location;
			sourceTree = "<group>";
		};
		1659782128D2E1F4002E4FF1 /* Features */ = {
			isa = PBXGroup;
			children = (
				16A28E4A28DC342F001CCF62 /* Filtros */,
			);
			path = Features;
			sourceTree = "<group>";
		};
		1694F27728FDEB410050DCFE /* TutorialApp */ = {
			isa = PBXGroup;
			children = (
				1694F27828FDEB820050DCFE /* PrimeiraPaginaTutorial.swift */,
				1694F27A28FDEBE40050DCFE /* SegundaPaginaTutorial.swift */,
				1694F27C28FDEBF10050DCFE /* TerceiraPaginaTutorial.swift */,
				16B5CA962901CDB400B13646 /* quartaPaginaTutorial.swift */,
			);
			path = TutorialApp;
			sourceTree = "<group>";
		};
		16A28E4928DC33DD001CCF62 /* BottomSheet */ = {
			isa = PBXGroup;
			children = (
				195E5A9E28CFD33700CEEF77 /* BlurView.swift */,
				195E5AA028CFD3D600CEEF77 /* CantoPersonalizado.swift */,
			);
			path = BottomSheet;
			sourceTree = "<group>";
		};
		16A28E4A28DC342F001CCF62 /* Filtros */ = {
			isa = PBXGroup;
			children = (
				D47FE7DC28D907DA00EE89BC /* FiltroZonaView.swift */,
				16A28E4728DA4935001CCF62 /* FiltroCategoriaView.swift */,
			);
			path = Filtros;
			sourceTree = "<group>";
		};
		16A28E4B28DC343E001CCF62 /* PagMapa */ = {
			isa = PBXGroup;
			children = (
				1659782228D2E24E002E4FF1 /* MapaPaginaPrincipal.swift */,
				169C743328EF4C140096A202 /* InserirNovaLocalizacao.swift */,
			);
			path = PagMapa;
			sourceTree = "<group>";
		};
		16A28E4C28DE2402001CCF62 /* DetalhesCEView */ = {
			isa = PBXGroup;
			children = (
				16A28E4D28DE2428001CCF62 /* DetalhesSheet.swift */,
			);
			path = DetalhesCEView;
			sourceTree = "<group>";
		};
		16A7EABE28DFCC1300907D2F /* Cores */ = {
			isa = PBXGroup;
			children = (
				16A7EABF28DFCC7200907D2F /* CoresApp.swift */,
			);
			path = Cores;
			sourceTree = "<group>";
		};
		16A7EAC128E0C2B300907D2F /* SplashScreen */ = {
			isa = PBXGroup;
			children = (
				16A7EAC228E0C2C900907D2F /* SplashScreen.swift */,
			);
			path = SplashScreen;
			sourceTree = "<group>";
		};
		16B5CA95290198E100B13646 /* RelatorioCheckIn */ = {
			isa = PBXGroup;
			children = (
				16D5FCD928FFA73A00A068CA /* AdicionandoOuEditando.swift */,
				16D5FCDB2900426500A068CA /* RelatorioCheckIn.swift */,
			);
			path = RelatorioCheckIn;
			sourceTree = "<group>";
		};
		16C0D9AF28F4906100DEACEC /* BottomTabBar */ = {
			isa = PBXGroup;
			children = (
				16C0D9B028F490A900DEACEC /* TabBarView.swift */,
			);
			path = BottomTabBar;
			sourceTree = "<group>";
		};
		16C0D9B228F4E1EB00DEACEC /* CategoriasCE */ = {
			isa = PBXGroup;
			children = (
				16C0D9B328F4E20500DEACEC /* CategoriasCE.swift */,
			);
			path = CategoriasCE;
			sourceTree = "<group>";
		};
		16C7199028CBBFB800D3684B /* Model */ = {
			isa = PBXGroup;
			children = (
				16C7199D28CFD2B900D3684B /* CentroEsportivo.swift */,
				16C719A128CFD60C00D3684B /* EstruturaCentroEsportivo.swift */,
				16832E9628D7C213003D729A /* EnderecoCentroEsportivo.swift */,
				16832E9828D7C60E003D729A /* ModalidadeCentroEsportivo.swift */,
			);
			path = Model;
			sourceTree = "<group>";
		};
		16C7199128CBBFC300D3684B /* View */ = {
			isa = PBXGroup;
			children = (
				16A28E4B28DC343E001CCF62 /* PagMapa */,
				16C0D9AF28F4906100DEACEC /* BottomTabBar */,
				16B5CA95290198E100B13646 /* RelatorioCheckIn */,
				16A28E4C28DE2402001CCF62 /* DetalhesCEView */,
				1694F27728FDEB410050DCFE /* TutorialApp */,
				16A7EAC128E0C2B300907D2F /* SplashScreen */,
				D40C21F328D2471E00744769 /* PagDInformacoes */,
				16C7199728CFC26A00D3684B /* PagHome */,
			);
			path = View;
			sourceTree = "<group>";
		};
		16C7199228CBBFC900D3684B /* ViewModel */ = {
			isa = PBXGroup;
			children = (
				16D5FCCF28FF9BA000A068CA /* CoreData */,
				16C0D9B228F4E1EB00DEACEC /* CategoriasCE */,
				16A7EABE28DFCC1300907D2F /* Cores */,
				16A28E4928DC33DD001CCF62 /* BottomSheet */,
				1659781E28D2DDE9002E4FF1 /* Location */,
				16C7199C28CFD29C00D3684B /* JSON */,
			);
			path = ViewModel;
			sourceTree = "<group>";
		};
		16C7199728CFC26A00D3684B /* PagHome */ = {
			isa = PBXGroup;
			children = (
				1967415028F4910C006F35B7 /* ListaCentrosView */,
				1659782128D2E1F4002E4FF1 /* Features */,
			);
			path = PagHome;
			sourceTree = "<group>";
		};
		16C7199C28CFD29C00D3684B /* JSON */ = {
			isa = PBXGroup;
			children = (
				16C7199328CBBFFE00D3684B /* CentroEsportivoJSON.json */,
				16C7199F28CFD31400D3684B /* DataLoader.swift */,
			);
			path = JSON;
			sourceTree = "<group>";
		};
		16D5FCCF28FF9BA000A068CA /* CoreData */ = {
			isa = PBXGroup;
			children = (
				16D5FCD328FF9C0A00A068CA /* Check_In.xcdatamodeld */,
				16D5FCD628FF9CA400A068CA /* DataController.swift */,
			);
			path = CoreData;
			sourceTree = "<group>";
		};
		1967415028F4910C006F35B7 /* ListaCentrosView */ = {
			isa = PBXGroup;
			children = (
				19DCD1FD28D249430096FAF6 /* ExibirCentrosEsportivos.swift */,
				1967415128F49163006F35B7 /* ExibicaoListaCEs.swift */,
			);
			path = ListaCentrosView;
			sourceTree = "<group>";
		};
		D40C21F328D2471E00744769 /* PagDInformacoes */ = {
			isa = PBXGroup;
			children = (
				16A7EAC428E0CDEB00907D2F /* PaginaDInformacoes.swift */,
			);
			path = PagDInformacoes;
			sourceTree = "<group>";
		};
/* End PBXGroup section */

/* Begin PBXNativeTarget section */
		1603790328C67C3E00A81908 /* SPorts */ = {
			isa = PBXNativeTarget;
			buildConfigurationList = 1603791228C67C4100A81908 /* Build configuration list for PBXNativeTarget "SPorts" */;
			buildPhases = (
				1603790028C67C3E00A81908 /* Sources */,
				1603790128C67C3E00A81908 /* Frameworks */,
				1603790228C67C3E00A81908 /* Resources */,
			);
			buildRules = (
			);
			dependencies = (
			);
			name = SPorts;
			productName = MiniChallenge1;
			productReference = 1603790428C67C3E00A81908 /* SPorts.app */;
			productType = "com.apple.product-type.application";
		};
/* End PBXNativeTarget section */

/* Begin PBXProject section */
		160378FC28C67C3E00A81908 /* Project object */ = {
			isa = PBXProject;
			attributes = {
				BuildIndependentTargetsInParallel = 1;
				LastSwiftUpdateCheck = 1340;
				LastUpgradeCheck = 1340;
				TargetAttributes = {
					1603790328C67C3E00A81908 = {
						CreatedOnToolsVersion = 13.4.1;
					};
				};
			};
			buildConfigurationList = 160378FF28C67C3E00A81908 /* Build configuration list for PBXProject "SPorts" */;
			compatibilityVersion = "Xcode 13.0";
			developmentRegion = en;
			hasScannedForEncodings = 0;
			knownRegions = (
				en,
				Base,
			);
			mainGroup = 160378FB28C67C3E00A81908;
			productRefGroup = 1603790528C67C3E00A81908 /* Products */;
			projectDirPath = "";
			projectRoot = "";
			targets = (
				1603790328C67C3E00A81908 /* SPorts */,
			);
		};
/* End PBXProject section */

/* Begin PBXResourcesBuildPhase section */
		1603790228C67C3E00A81908 /* Resources */ = {
			isa = PBXResourcesBuildPhase;
			buildActionMask = 2147483647;
			files = (
				1603790F28C67C4100A81908 /* Preview Assets.xcassets in Resources */,
				1603790C28C67C4100A81908 /* Assets.xcassets in Resources */,
				16C7199428CBBFFE00D3684B /* CentroEsportivoJSON.json in Resources */,
			);
			runOnlyForDeploymentPostprocessing = 0;
		};
/* End PBXResourcesBuildPhase section */

/* Begin PBXSourcesBuildPhase section */
		1603790028C67C3E00A81908 /* Sources */ = {
			isa = PBXSourcesBuildPhase;
			buildActionMask = 2147483647;
			files = (
				195E5A9F28CFD33700CEEF77 /* BlurView.swift in Sources */,
				169C743428EF4C140096A202 /* InserirNovaLocalizacao.swift in Sources */,
				16C0D9B428F4E20500DEACEC /* CategoriasCE.swift in Sources */,
				1967415228F49163006F35B7 /* ExibicaoListaCEs.swift in Sources */,
				19DCD1FE28D249430096FAF6 /* ExibirCentrosEsportivos.swift in Sources */,
				1603790828C67C3E00A81908 /* SPorts.swift in Sources */,
				16A7EAC028DFCC7200907D2F /* CoresApp.swift in Sources */,
				16A7EAC528E0CDEB00907D2F /* PaginaDInformacoes.swift in Sources */,
				16A28E4828DA4935001CCF62 /* FiltroCategoriaView.swift in Sources */,
				16A7EAC328E0C2C900907D2F /* SplashScreen.swift in Sources */,
				195E5AA128CFD3D600CEEF77 /* CantoPersonalizado.swift in Sources */,
				16C719A028CFD31400D3684B /* DataLoader.swift in Sources */,
				1694F27928FDEB820050DCFE /* PrimeiraPaginaTutorial.swift in Sources */,
				16C719A228CFD60C00D3684B /* EstruturaCentroEsportivo.swift in Sources */,
				16A28E4E28DE2428001CCF62 /* DetalhesSheet.swift in Sources */,
				16D5FCDC2900426500A068CA /* RelatorioCheckIn.swift in Sources */,
				1694F27B28FDEBE40050DCFE /* SegundaPaginaTutorial.swift in Sources */,
				1694F27D28FDEBF10050DCFE /* TerceiraPaginaTutorial.swift in Sources */,
				1659782328D2E24E002E4FF1 /* MapaPaginaPrincipal.swift in Sources */,
				1659782028D2DE09002E4FF1 /* LocationManager.swift in Sources */,
				16832E9728D7C213003D729A /* EnderecoCentroEsportivo.swift in Sources */,
				16B5CA972901CDB400B13646 /* quartaPaginaTutorial.swift in Sources */,
				16D5FCD528FF9C0A00A068CA /* Check_In.xcdatamodeld in Sources */,
				16D5FCD728FF9CA400A068CA /* DataController.swift in Sources */,
				169C743828EF4EE90096A202 /* EncontraLocalizacao.swift in Sources */,
				16832E9928D7C60E003D729A /* ModalidadeCentroEsportivo.swift in Sources */,
				16C0D9B128F490A900DEACEC /* TabBarView.swift in Sources */,
				D47FE7DD28D907DA00EE89BC /* FiltroZonaView.swift in Sources */,
				16D5FCDA28FFA73A00A068CA /* AdicionandoOuEditando.swift in Sources */,
				1603790828C67C3E00A81908 /* SPorts.swift in Sources */,
				16C7199E28CFD2B900D3684B /* CentroEsportivo.swift in Sources */,
			);
			runOnlyForDeploymentPostprocessing = 0;
		};
/* End PBXSourcesBuildPhase section */

/* Begin XCBuildConfiguration section */
		1603791028C67C4100A81908 /* Debug */ = {
			isa = XCBuildConfiguration;
			buildSettings = {
				ALWAYS_SEARCH_USER_PATHS = NO;
				CLANG_ANALYZER_NONNULL = YES;
				CLANG_ANALYZER_NUMBER_OBJECT_CONVERSION = YES_AGGRESSIVE;
				CLANG_CXX_LANGUAGE_STANDARD = "gnu++17";
				CLANG_ENABLE_MODULES = YES;
				CLANG_ENABLE_OBJC_ARC = YES;
				CLANG_ENABLE_OBJC_WEAK = YES;
				CLANG_WARN_BLOCK_CAPTURE_AUTORELEASING = YES;
				CLANG_WARN_BOOL_CONVERSION = YES;
				CLANG_WARN_COMMA = YES;
				CLANG_WARN_CONSTANT_CONVERSION = YES;
				CLANG_WARN_DEPRECATED_OBJC_IMPLEMENTATIONS = YES;
				CLANG_WARN_DIRECT_OBJC_ISA_USAGE = YES_ERROR;
				CLANG_WARN_DOCUMENTATION_COMMENTS = YES;
				CLANG_WARN_EMPTY_BODY = YES;
				CLANG_WARN_ENUM_CONVERSION = YES;
				CLANG_WARN_INFINITE_RECURSION = YES;
				CLANG_WARN_INT_CONVERSION = YES;
				CLANG_WARN_NON_LITERAL_NULL_CONVERSION = YES;
				CLANG_WARN_OBJC_IMPLICIT_RETAIN_SELF = YES;
				CLANG_WARN_OBJC_LITERAL_CONVERSION = YES;
				CLANG_WARN_OBJC_ROOT_CLASS = YES_ERROR;
				CLANG_WARN_QUOTED_INCLUDE_IN_FRAMEWORK_HEADER = YES;
				CLANG_WARN_RANGE_LOOP_ANALYSIS = YES;
				CLANG_WARN_STRICT_PROTOTYPES = YES;
				CLANG_WARN_SUSPICIOUS_MOVE = YES;
				CLANG_WARN_UNGUARDED_AVAILABILITY = YES_AGGRESSIVE;
				CLANG_WARN_UNREACHABLE_CODE = YES;
				CLANG_WARN__DUPLICATE_METHOD_MATCH = YES;
				COPY_PHASE_STRIP = NO;
				DEBUG_INFORMATION_FORMAT = dwarf;
				ENABLE_STRICT_OBJC_MSGSEND = YES;
				ENABLE_TESTABILITY = YES;
				GCC_C_LANGUAGE_STANDARD = gnu11;
				GCC_DYNAMIC_NO_PIC = NO;
				GCC_NO_COMMON_BLOCKS = YES;
				GCC_OPTIMIZATION_LEVEL = 0;
				GCC_PREPROCESSOR_DEFINITIONS = (
					"DEBUG=1",
					"$(inherited)",
				);
				GCC_WARN_64_TO_32_BIT_CONVERSION = YES;
				GCC_WARN_ABOUT_RETURN_TYPE = YES_ERROR;
				GCC_WARN_UNDECLARED_SELECTOR = YES;
				GCC_WARN_UNINITIALIZED_AUTOS = YES_AGGRESSIVE;
				GCC_WARN_UNUSED_FUNCTION = YES;
				GCC_WARN_UNUSED_VARIABLE = YES;
				IPHONEOS_DEPLOYMENT_TARGET = 15.0;
				MTL_ENABLE_DEBUG_INFO = INCLUDE_SOURCE;
				MTL_FAST_MATH = YES;
				ONLY_ACTIVE_ARCH = YES;
				SDKROOT = iphoneos;
				SWIFT_ACTIVE_COMPILATION_CONDITIONS = DEBUG;
				SWIFT_OPTIMIZATION_LEVEL = "-Onone";
			};
			name = Debug;
		};
		1603791128C67C4100A81908 /* Release */ = {
			isa = XCBuildConfiguration;
			buildSettings = {
				ALWAYS_SEARCH_USER_PATHS = NO;
				CLANG_ANALYZER_NONNULL = YES;
				CLANG_ANALYZER_NUMBER_OBJECT_CONVERSION = YES_AGGRESSIVE;
				CLANG_CXX_LANGUAGE_STANDARD = "gnu++17";
				CLANG_ENABLE_MODULES = YES;
				CLANG_ENABLE_OBJC_ARC = YES;
				CLANG_ENABLE_OBJC_WEAK = YES;
				CLANG_WARN_BLOCK_CAPTURE_AUTORELEASING = YES;
				CLANG_WARN_BOOL_CONVERSION = YES;
				CLANG_WARN_COMMA = YES;
				CLANG_WARN_CONSTANT_CONVERSION = YES;
				CLANG_WARN_DEPRECATED_OBJC_IMPLEMENTATIONS = YES;
				CLANG_WARN_DIRECT_OBJC_ISA_USAGE = YES_ERROR;
				CLANG_WARN_DOCUMENTATION_COMMENTS = YES;
				CLANG_WARN_EMPTY_BODY = YES;
				CLANG_WARN_ENUM_CONVERSION = YES;
				CLANG_WARN_INFINITE_RECURSION = YES;
				CLANG_WARN_INT_CONVERSION = YES;
				CLANG_WARN_NON_LITERAL_NULL_CONVERSION = YES;
				CLANG_WARN_OBJC_IMPLICIT_RETAIN_SELF = YES;
				CLANG_WARN_OBJC_LITERAL_CONVERSION = YES;
				CLANG_WARN_OBJC_ROOT_CLASS = YES_ERROR;
				CLANG_WARN_QUOTED_INCLUDE_IN_FRAMEWORK_HEADER = YES;
				CLANG_WARN_RANGE_LOOP_ANALYSIS = YES;
				CLANG_WARN_STRICT_PROTOTYPES = YES;
				CLANG_WARN_SUSPICIOUS_MOVE = YES;
				CLANG_WARN_UNGUARDED_AVAILABILITY = YES_AGGRESSIVE;
				CLANG_WARN_UNREACHABLE_CODE = YES;
				CLANG_WARN__DUPLICATE_METHOD_MATCH = YES;
				COPY_PHASE_STRIP = NO;
				DEBUG_INFORMATION_FORMAT = "dwarf-with-dsym";
				ENABLE_NS_ASSERTIONS = NO;
				ENABLE_STRICT_OBJC_MSGSEND = YES;
				GCC_C_LANGUAGE_STANDARD = gnu11;
				GCC_NO_COMMON_BLOCKS = YES;
				GCC_WARN_64_TO_32_BIT_CONVERSION = YES;
				GCC_WARN_ABOUT_RETURN_TYPE = YES_ERROR;
				GCC_WARN_UNDECLARED_SELECTOR = YES;
				GCC_WARN_UNINITIALIZED_AUTOS = YES_AGGRESSIVE;
				GCC_WARN_UNUSED_FUNCTION = YES;
				GCC_WARN_UNUSED_VARIABLE = YES;
				IPHONEOS_DEPLOYMENT_TARGET = 15.0;
				MTL_ENABLE_DEBUG_INFO = NO;
				MTL_FAST_MATH = YES;
				SDKROOT = iphoneos;
				SWIFT_COMPILATION_MODE = wholemodule;
				SWIFT_OPTIMIZATION_LEVEL = "-O";
				VALIDATE_PRODUCT = YES;
			};
			name = Release;
		};
		1603791328C67C4100A81908 /* Debug */ = {
			isa = XCBuildConfiguration;
			buildSettings = {
				ASSETCATALOG_COMPILER_APPICON_NAME = AppIcon;
				ASSETCATALOG_COMPILER_GLOBAL_ACCENT_COLOR_NAME = AccentColor;
				CODE_SIGN_STYLE = Automatic;
				CURRENT_PROJECT_VERSION = 1;
				DEVELOPMENT_ASSET_PATHS = "\"SPorts/Preview Content\"";
				DEVELOPMENT_TEAM = UFS93RKF34;
				ENABLE_PREVIEWS = YES;
				GENERATE_INFOPLIST_FILE = YES;
				INFOPLIST_FILE = SPorts/Info.plist;
				INFOPLIST_KEY_NSLocationWhenInUseUsageDescription = "'SPorts' deseja ter acesso à sua localização para mostrar os centros esportivos próximos a você.";
				INFOPLIST_KEY_UIApplicationSceneManifest_Generation = YES;
				INFOPLIST_KEY_UIApplicationSupportsIndirectInputEvents = YES;
				INFOPLIST_KEY_UILaunchScreen_Generation = YES;
				INFOPLIST_KEY_UISupportedInterfaceOrientations = UIInterfaceOrientationPortrait;
				INFOPLIST_KEY_UISupportedInterfaceOrientations_iPhone = UIInterfaceOrientationPortrait;
				IPHONEOS_DEPLOYMENT_TARGET = 15.2;
				LD_RUNPATH_SEARCH_PATHS = (
					"$(inherited)",
					"@executable_path/Frameworks",
				);
				MARKETING_VERSION = 1.0;
				PRODUCT_BUNDLE_IDENTIFIER = com.pnimoveis.MiniChallenge1;
				PRODUCT_NAME = SPorts;
				SWIFT_EMIT_LOC_STRINGS = YES;
				SWIFT_VERSION = 5.0;
				TARGETED_DEVICE_FAMILY = 1;
			};
			name = Debug;
		};
		1603791428C67C4100A81908 /* Release */ = {
			isa = XCBuildConfiguration;
			buildSettings = {
				ASSETCATALOG_COMPILER_APPICON_NAME = AppIcon;
				ASSETCATALOG_COMPILER_GLOBAL_ACCENT_COLOR_NAME = AccentColor;
				CODE_SIGN_STYLE = Automatic;
				CURRENT_PROJECT_VERSION = 1;
				DEVELOPMENT_ASSET_PATHS = "\"SPorts/Preview Content\"";
				DEVELOPMENT_TEAM = UFS93RKF34;
				ENABLE_PREVIEWS = YES;
				GENERATE_INFOPLIST_FILE = YES;
				INFOPLIST_FILE = SPorts/Info.plist;
				INFOPLIST_KEY_NSLocationWhenInUseUsageDescription = "'SPorts' deseja ter acesso à sua localização para mostrar os centros esportivos próximos a você.";
				INFOPLIST_KEY_UIApplicationSceneManifest_Generation = YES;
				INFOPLIST_KEY_UIApplicationSupportsIndirectInputEvents = YES;
				INFOPLIST_KEY_UILaunchScreen_Generation = YES;
				INFOPLIST_KEY_UISupportedInterfaceOrientations = UIInterfaceOrientationPortrait;
				INFOPLIST_KEY_UISupportedInterfaceOrientations_iPhone = UIInterfaceOrientationPortrait;
				IPHONEOS_DEPLOYMENT_TARGET = 15.2;
				LD_RUNPATH_SEARCH_PATHS = (
					"$(inherited)",
					"@executable_path/Frameworks",
				);
				MARKETING_VERSION = 1.0;
				PRODUCT_BUNDLE_IDENTIFIER = com.pnimoveis.MiniChallenge1;
				PRODUCT_NAME = SPorts;
				SWIFT_EMIT_LOC_STRINGS = YES;
				SWIFT_VERSION = 5.0;
				TARGETED_DEVICE_FAMILY = 1;
			};
			name = Release;
		};
/* End XCBuildConfiguration section */

/* Begin XCConfigurationList section */
		160378FF28C67C3E00A81908 /* Build configuration list for PBXProject "SPorts" */ = {
			isa = XCConfigurationList;
			buildConfigurations = (
				1603791028C67C4100A81908 /* Debug */,
				1603791128C67C4100A81908 /* Release */,
			);
			defaultConfigurationIsVisible = 0;
			defaultConfigurationName = Release;
		};
		1603791228C67C4100A81908 /* Build configuration list for PBXNativeTarget "SPorts" */ = {
			isa = XCConfigurationList;
			buildConfigurations = (
				1603791328C67C4100A81908 /* Debug */,
				1603791428C67C4100A81908 /* Release */,
			);
			defaultConfigurationIsVisible = 0;
			defaultConfigurationName = Release;
		};
/* End XCConfigurationList section */

/* Begin XCVersionGroup section */
		16D5FCD328FF9C0A00A068CA /* Check_In.xcdatamodeld */ = {
			isa = XCVersionGroup;
			children = (
				16D5FCD428FF9C0A00A068CA /* Check_In.xcdatamodel */,
			);
			currentVersion = 16D5FCD428FF9C0A00A068CA /* Check_In.xcdatamodel */;
			path = Check_In.xcdatamodeld;
			sourceTree = "<group>";
			versionGroupType = wrapper.xcdatamodel;
		};
/* End XCVersionGroup section */
	};
	rootObject = 160378FC28C67C3E00A81908 /* Project object */;
}
